// !$*UTF8*$!
{
	archiveVersion = 1;
	classes = {
	};
	objectVersion = 46;
	objects = {

/* Begin PBXBuildFile section */
		E81A33141B8F192200540A31 /* AppDelegate.swift in Sources */ = {isa = PBXBuildFile; fileRef = E81A33131B8F192200540A31 /* AppDelegate.swift */; };
		E81A33161B8F192200540A31 /* ViewController.swift in Sources */ = {isa = PBXBuildFile; fileRef = E81A33151B8F192200540A31 /* ViewController.swift */; };
		E81A33191B8F192200540A31 /* Main.storyboard in Resources */ = {isa = PBXBuildFile; fileRef = E81A33171B8F192200540A31 /* Main.storyboard */; };
		E81A331B1B8F192200540A31 /* Images.xcassets in Resources */ = {isa = PBXBuildFile; fileRef = E81A331A1B8F192200540A31 /* Images.xcassets */; };
		E81A331E1B8F192200540A31 /* LaunchScreen.xib in Resources */ = {isa = PBXBuildFile; fileRef = E81A331C1B8F192200540A31 /* LaunchScreen.xib */; };
		E81A332A1B8F192200540A31 /* Jukebox_DemoTests.swift in Sources */ = {isa = PBXBuildFile; fileRef = E81A33291B8F192200540A31 /* Jukebox_DemoTests.swift */; };
		E81A33351B8F19AE00540A31 /* Jukebox.swift in Sources */ = {isa = PBXBuildFile; fileRef = E81A33341B8F19AE00540A31 /* Jukebox.swift */; };
/* End PBXBuildFile section */

/* Begin PBXContainerItemProxy section */
		E81A33241B8F192200540A31 /* PBXContainerItemProxy */ = {
			isa = PBXContainerItemProxy;
			containerPortal = E81A33061B8F192200540A31 /* Project object */;
			proxyType = 1;
			remoteGlobalIDString = E81A330D1B8F192200540A31;
			remoteInfo = "Jukebox-Demo";
		};
/* End PBXContainerItemProxy section */

/* Begin PBXFileReference section */
		E81A330E1B8F192200540A31 /* Jukebox-Demo.app */ = {isa = PBXFileReference; explicitFileType = wrapper.application; includeInIndex = 0; path = "Jukebox-Demo.app"; sourceTree = BUILT_PRODUCTS_DIR; };
		E81A33121B8F192200540A31 /* Info.plist */ = {isa = PBXFileReference; lastKnownFileType = text.plist.xml; path = Info.plist; sourceTree = "<group>"; };
		E81A33131B8F192200540A31 /* AppDelegate.swift */ = {isa = PBXFileReference; lastKnownFileType = sourcecode.swift; path = AppDelegate.swift; sourceTree = "<group>"; };
		E81A33151B8F192200540A31 /* ViewController.swift */ = {isa = PBXFileReference; lastKnownFileType = sourcecode.swift; path = ViewController.swift; sourceTree = "<group>"; };
		E81A33181B8F192200540A31 /* Base */ = {isa = PBXFileReference; lastKnownFileType = file.storyboard; name = Base; path = Base.lproj/Main.storyboard; sourceTree = "<group>"; };
		E81A331A1B8F192200540A31 /* Images.xcassets */ = {isa = PBXFileReference; lastKnownFileType = folder.assetcatalog; path = Images.xcassets; sourceTree = "<group>"; };
		E81A331D1B8F192200540A31 /* Base */ = {isa = PBXFileReference; lastKnownFileType = file.xib; name = Base; path = Base.lproj/LaunchScreen.xib; sourceTree = "<group>"; };
		E81A33231B8F192200540A31 /* Jukebox-DemoTests.xctest */ = {isa = PBXFileReference; explicitFileType = wrapper.cfbundle; includeInIndex = 0; path = "Jukebox-DemoTests.xctest"; sourceTree = BUILT_PRODUCTS_DIR; };
		E81A33281B8F192200540A31 /* Info.plist */ = {isa = PBXFileReference; lastKnownFileType = text.plist.xml; path = Info.plist; sourceTree = "<group>"; };
		E81A33291B8F192200540A31 /* Jukebox_DemoTests.swift */ = {isa = PBXFileReference; lastKnownFileType = sourcecode.swift; path = Jukebox_DemoTests.swift; sourceTree = "<group>"; };
		E81A33341B8F19AE00540A31 /* Jukebox.swift */ = {isa = PBXFileReference; fileEncoding = 4; lastKnownFileType = sourcecode.swift; path = Jukebox.swift; sourceTree = "<group>"; };
/* End PBXFileReference section */

/* Begin PBXFrameworksBuildPhase section */
		E81A330B1B8F192200540A31 /* Frameworks */ = {
			isa = PBXFrameworksBuildPhase;
			buildActionMask = 2147483647;
			files = (
			);
			runOnlyForDeploymentPostprocessing = 0;
		};
		E81A33201B8F192200540A31 /* Frameworks */ = {
			isa = PBXFrameworksBuildPhase;
			buildActionMask = 2147483647;
			files = (
			);
			runOnlyForDeploymentPostprocessing = 0;
		};
/* End PBXFrameworksBuildPhase section */

/* Begin PBXGroup section */
		E81A33051B8F192200540A31 = {
			isa = PBXGroup;
			children = (
				E81A33101B8F192200540A31 /* Jukebox-Demo */,
				E81A33261B8F192200540A31 /* Jukebox-DemoTests */,
				E81A330F1B8F192200540A31 /* Products */,
			);
			sourceTree = "<group>";
		};
		E81A330F1B8F192200540A31 /* Products */ = {
			isa = PBXGroup;
			children = (
				E81A330E1B8F192200540A31 /* Jukebox-Demo.app */,
				E81A33231B8F192200540A31 /* Jukebox-DemoTests.xctest */,
			);
			name = Products;
			sourceTree = "<group>";
		};
		E81A33101B8F192200540A31 /* Jukebox-Demo */ = {
			isa = PBXGroup;
			children = (
				E81A33331B8F199F00540A31 /* Jukebox */,
				E81A33131B8F192200540A31 /* AppDelegate.swift */,
				E81A33151B8F192200540A31 /* ViewController.swift */,
				E81A33171B8F192200540A31 /* Main.storyboard */,
				E81A331A1B8F192200540A31 /* Images.xcassets */,
				E81A331C1B8F192200540A31 /* LaunchScreen.xib */,
				E81A33111B8F192200540A31 /* Supporting Files */,
			);
			path = "Jukebox-Demo";
			sourceTree = "<group>";
		};
		E81A33111B8F192200540A31 /* Supporting Files */ = {
			isa = PBXGroup;
			children = (
				E81A33121B8F192200540A31 /* Info.plist */,
			);
			name = "Supporting Files";
			sourceTree = "<group>";
		};
		E81A33261B8F192200540A31 /* Jukebox-DemoTests */ = {
			isa = PBXGroup;
			children = (
				E81A33291B8F192200540A31 /* Jukebox_DemoTests.swift */,
				E81A33271B8F192200540A31 /* Supporting Files */,
			);
			path = "Jukebox-DemoTests";
			sourceTree = "<group>";
		};
		E81A33271B8F192200540A31 /* Supporting Files */ = {
			isa = PBXGroup;
			children = (
				E81A33281B8F192200540A31 /* Info.plist */,
			);
			name = "Supporting Files";
			sourceTree = "<group>";
		};
		E81A33331B8F199F00540A31 /* Jukebox */ = {
			isa = PBXGroup;
			children = (
				E81A33341B8F19AE00540A31 /* Jukebox.swift */,
			);
			name = Jukebox;
			sourceTree = "<group>";
		};
/* End PBXGroup section */

/* Begin PBXNativeTarget section */
		E81A330D1B8F192200540A31 /* Jukebox-Demo */ = {
			isa = PBXNativeTarget;
			buildConfigurationList = E81A332D1B8F192200540A31 /* Build configuration list for PBXNativeTarget "Jukebox-Demo" */;
			buildPhases = (
				E81A330A1B8F192200540A31 /* Sources */,
				E81A330B1B8F192200540A31 /* Frameworks */,
				E81A330C1B8F192200540A31 /* Resources */,
			);
			buildRules = (
			);
			dependencies = (
			);
			name = "Jukebox-Demo";
			productName = "Jukebox-Demo";
			productReference = E81A330E1B8F192200540A31 /* Jukebox-Demo.app */;
			productType = "com.apple.product-type.application";
		};
		E81A33221B8F192200540A31 /* Jukebox-DemoTests */ = {
			isa = PBXNativeTarget;
			buildConfigurationList = E81A33301B8F192200540A31 /* Build configuration list for PBXNativeTarget "Jukebox-DemoTests" */;
			buildPhases = (
				E81A331F1B8F192200540A31 /* Sources */,
				E81A33201B8F192200540A31 /* Frameworks */,
				E81A33211B8F192200540A31 /* Resources */,
			);
			buildRules = (
			);
			dependencies = (
				E81A33251B8F192200540A31 /* PBXTargetDependency */,
			);
			name = "Jukebox-DemoTests";
			productName = "Jukebox-DemoTests";
			productReference = E81A33231B8F192200540A31 /* Jukebox-DemoTests.xctest */;
			productType = "com.apple.product-type.bundle.unit-test";
		};
/* End PBXNativeTarget section */

/* Begin PBXProject section */
		E81A33061B8F192200540A31 /* Project object */ = {
			isa = PBXProject;
			attributes = {
				LastUpgradeCheck = 0640;
				ORGANIZATIONNAME = "Teodor Patras";
				TargetAttributes = {
					E81A330D1B8F192200540A31 = {
						CreatedOnToolsVersion = 6.4;
					};
					E81A33221B8F192200540A31 = {
						CreatedOnToolsVersion = 6.4;
						TestTargetID = E81A330D1B8F192200540A31;
					};
				};
			};
			buildConfigurationList = E81A33091B8F192200540A31 /* Build configuration list for PBXProject "Jukebox-Demo" */;
			compatibilityVersion = "Xcode 3.2";
			developmentRegion = English;
			hasScannedForEncodings = 0;
			knownRegions = (
				en,
				Base,
			);
			mainGroup = E81A33051B8F192200540A31;
			productRefGroup = E81A330F1B8F192200540A31 /* Products */;
			projectDirPath = "";
			projectRoot = "";
			targets = (
				E81A330D1B8F192200540A31 /* Jukebox-Demo */,
				E81A33221B8F192200540A31 /* Jukebox-DemoTests */,
			);
		};
/* End PBXProject section */

/* Begin PBXResourcesBuildPhase section */
		E81A330C1B8F192200540A31 /* Resources */ = {
			isa = PBXResourcesBuildPhase;
			buildActionMask = 2147483647;
			files = (
				E81A33191B8F192200540A31 /* Main.storyboard in Resources */,
				E81A331E1B8F192200540A31 /* LaunchScreen.xib in Resources */,
				E81A331B1B8F192200540A31 /* Images.xcassets in Resources */,
			);
			runOnlyForDeploymentPostprocessing = 0;
		};
		E81A33211B8F192200540A31 /* Resources */ = {
			isa = PBXResourcesBuildPhase;
			buildActionMask = 2147483647;
			files = (
			);
			runOnlyForDeploymentPostprocessing = 0;
		};
/* End PBXResourcesBuildPhase section */

/* Begin PBXSourcesBuildPhase section */
		E81A330A1B8F192200540A31 /* Sources */ = {
			isa = PBXSourcesBuildPhase;
			buildActionMask = 2147483647;
			files = (
				E81A33161B8F192200540A31 /* ViewController.swift in Sources */,
				E81A33141B8F192200540A31 /* AppDelegate.swift in Sources */,
				E81A33351B8F19AE00540A31 /* Jukebox.swift in Sources */,
			);
			runOnlyForDeploymentPostprocessing = 0;
		};
		E81A331F1B8F192200540A31 /* Sources */ = {
			isa = PBXSourcesBuildPhase;
			buildActionMask = 2147483647;
			files = (
				E81A332A1B8F192200540A31 /* Jukebox_DemoTests.swift in Sources */,
			);
			runOnlyForDeploymentPostprocessing = 0;
		};
/* End PBXSourcesBuildPhase section */

/* Begin PBXTargetDependency section */
		E81A33251B8F192200540A31 /* PBXTargetDependency */ = {
			isa = PBXTargetDependency;
			target = E81A330D1B8F192200540A31 /* Jukebox-Demo */;
			targetProxy = E81A33241B8F192200540A31 /* PBXContainerItemProxy */;
		};
/* End PBXTargetDependency section */

/* Begin PBXVariantGroup section */
		E81A33171B8F192200540A31 /* Main.storyboard */ = {
			isa = PBXVariantGroup;
			children = (
				E81A33181B8F192200540A31 /* Base */,
			);
			name = Main.storyboard;
			sourceTree = "<group>";
		};
		E81A331C1B8F192200540A31 /* LaunchScreen.xib */ = {
			isa = PBXVariantGroup;
			children = (
				E81A331D1B8F192200540A31 /* Base */,
			);
			name = LaunchScreen.xib;
			sourceTree = "<group>";
		};
/* End PBXVariantGroup section */

/* Begin XCBuildConfiguration section */
		E81A332B1B8F192200540A31 /* Debug */ = {
			isa = XCBuildConfiguration;
			buildSettings = {
				ALWAYS_SEARCH_USER_PATHS = NO;
				CLANG_CXX_LANGUAGE_STANDARD = "gnu++0x";
				CLANG_CXX_LIBRARY = "libc++";
				CLANG_ENABLE_MODULES = YES;
				CLANG_ENABLE_OBJC_ARC = YES;
				CLANG_WARN_BOOL_CONVERSION = YES;
				CLANG_WARN_CONSTANT_CONVERSION = YES;
				CLANG_WARN_DIRECT_OBJC_ISA_USAGE = YES_ERROR;
				CLANG_WARN_EMPTY_BODY = YES;
				CLANG_WARN_ENUM_CONVERSION = YES;
				CLANG_WARN_INT_CONVERSION = YES;
				CLANG_WARN_OBJC_ROOT_CLASS = YES_ERROR;
				CLANG_WARN_UNREACHABLE_CODE = YES;
				CLANG_WARN__DUPLICATE_METHOD_MATCH = YES;
				"CODE_SIGN_IDENTITY[sdk=iphoneos*]" = "iPhone Developer";
				COPY_PHASE_STRIP = NO;
				DEBUG_INFORMATION_FORMAT = "dwarf-with-dsym";
				ENABLE_STRICT_OBJC_MSGSEND = YES;
				GCC_C_LANGUAGE_STANDARD = gnu99;
				GCC_DYNAMIC_NO_PIC = NO;
				GCC_NO_COMMON_BLOCKS = YES;
				GCC_OPTIMIZATION_LEVEL = 0;
				GCC_PREPROCESSOR_DEFINITIONS = (
					"DEBUG=1",
					"$(inherited)",
				);
				GCC_SYMBOLS_PRIVATE_EXTERN = NO;
				GCC_WARN_64_TO_32_BIT_CONVERSION = YES;
				GCC_WARN_ABOUT_RETURN_TYPE = YES_ERROR;
				GCC_WARN_UNDECLARED_SELECTOR = YES;
				GCC_WARN_UNINITIALIZED_AUTOS = YES_AGGRESSIVE;
				GCC_WARN_UNUSED_FUNCTION = YES;
				GCC_WARN_UNUSED_VARIABLE = YES;
				IPHONEOS_DEPLOYMENT_TARGET = 8.4;
				MTL_ENABLE_DEBUG_INFO = YES;
				ONLY_ACTIVE_ARCH = YES;
				SDKROOT = iphoneos;
				SWIFT_OPTIMIZATION_LEVEL = "-Onone";
				TARGETED_DEVICE_FAMILY = "1,2";
			};
			name = Debug;
		};
		E81A332C1B8F192200540A31 /* Release */ = {
			isa = XCBuildConfiguration;
			buildSettings = {
				ALWAYS_SEARCH_USER_PATHS = NO;
				CLANG_CXX_LANGUAGE_STANDARD = "gnu++0x";
				CLANG_CXX_LIBRARY = "libc++";
				CLANG_ENABLE_MODULES = YES;
				CLANG_ENABLE_OBJC_ARC = YES;
				CLANG_WARN_BOOL_CONVERSION = YES;
				CLANG_WARN_CONSTANT_CONVERSION = YES;
				CLANG_WARN_DIRECT_OBJC_ISA_USAGE = YES_ERROR;
				CLANG_WARN_EMPTY_BODY = YES;
				CLANG_WARN_ENUM_CONVERSION = YES;
				CLANG_WARN_INT_CONVERSION = YES;
				CLANG_WARN_OBJC_ROOT_CLASS = YES_ERROR;
				CLANG_WARN_UNREACHABLE_CODE = YES;
				CLANG_WARN__DUPLICATE_METHOD_MATCH = YES;
				"CODE_SIGN_IDENTITY[sdk=iphoneos*]" = "iPhone Developer";
				COPY_PHASE_STRIP = NO;
				DEBUG_INFORMATION_FORMAT = "dwarf-with-dsym";
				ENABLE_NS_ASSERTIONS = NO;
				ENABLE_STRICT_OBJC_MSGSEND = YES;
				GCC_C_LANGUAGE_STANDARD = gnu99;
				GCC_NO_COMMON_BLOCKS = YES;
				GCC_WARN_64_TO_32_BIT_CONVERSION = YES;
				GCC_WARN_ABOUT_RETURN_TYPE = YES_ERROR;
				GCC_WARN_UNDECLARED_SELECTOR = YES;
				GCC_WARN_UNINITIALIZED_AUTOS = YES_AGGRESSIVE;
				GCC_WARN_UNUSED_FUNCTION = YES;
				GCC_WARN_UNUSED_VARIABLE = YES;
				IPHONEOS_DEPLOYMENT_TARGET = 8.4;
				MTL_ENABLE_DEBUG_INFO = NO;
				SDKROOT = iphoneos;
				TARGETED_DEVICE_FAMILY = "1,2";
				VALIDATE_PRODUCT = YES;
			};
			name = Release;
		};
		E81A332E1B8F192200540A31 /* Debug */ = {
			isa = XCBuildConfiguration;
			buildSettings = {
				ASSETCATALOG_COMPILER_APPICON_NAME = AppIcon;
				INFOPLIST_FILE = "Jukebox-Demo/Info.plist";
				LD_RUNPATH_SEARCH_PATHS = "$(inherited) @executable_path/Frameworks";
				PRODUCT_NAME = "$(TARGET_NAME)";
			};
			name = Debug;
		};
		E81A332F1B8F192200540A31 /* Release */ = {
			isa = XCBuildConfiguration;
			buildSettings = {
				ASSETCATALOG_COMPILER_APPICON_NAME = AppIcon;
				INFOPLIST_FILE = "Jukebox-Demo/Info.plist";
				LD_RUNPATH_SEARCH_PATHS = "$(inherited) @executable_path/Frameworks";
				PRODUCT_NAME = "$(TARGET_NAME)";
			};
			name = Release;
		};
		E81A33311B8F192200540A31 /* Debug */ = {
			isa = XCBuildConfiguration;
			buildSettings = {
				BUNDLE_LOADER = "$(TEST_HOST)";
				FRAMEWORK_SEARCH_PATHS = (
					"$(SDKROOT)/Developer/Library/Frameworks",
					"$(inherited)",
				);
				GCC_PREPROCESSOR_DEFINITIONS = (
					"DEBUG=1",
					"$(inherited)",
				);
				INFOPLIST_FILE = "Jukebox-DemoTests/Info.plist";
				LD_RUNPATH_SEARCH_PATHS = "$(inherited) @executable_path/Frameworks @loader_path/Frameworks";
				PRODUCT_NAME = "$(TARGET_NAME)";
				TEST_HOST = "$(BUILT_PRODUCTS_DIR)/Jukebox-Demo.app/Jukebox-Demo";
			};
			name = Debug;
		};
		E81A33321B8F192200540A31 /* Release */ = {
			isa = XCBuildConfiguration;
			buildSettings = {
				BUNDLE_LOADER = "$(TEST_HOST)";
				FRAMEWORK_SEARCH_PATHS = (
					"$(SDKROOT)/Developer/Library/Frameworks",
					"$(inherited)",
				);
				INFOPLIST_FILE = "Jukebox-DemoTests/Info.plist";
				LD_RUNPATH_SEARCH_PATHS = "$(inherited) @executable_path/Frameworks @loader_path/Frameworks";
				PRODUCT_NAME = "$(TARGET_NAME)";
				TEST_HOST = "$(BUILT_PRODUCTS_DIR)/Jukebox-Demo.app/Jukebox-Demo";
			};
			name = Release;
		};
/* End XCBuildConfiguration section */

/* Begin XCConfigurationList section */
		E81A33091B8F192200540A31 /* Build configuration list for PBXProject "Jukebox-Demo" */ = {
			isa = XCConfigurationList;
			buildConfigurations = (
				E81A332B1B8F192200540A31 /* Debug */,
				E81A332C1B8F192200540A31 /* Release */,
			);
			defaultConfigurationIsVisible = 0;
			defaultConfigurationName = Release;
		};
		E81A332D1B8F192200540A31 /* Build configuration list for PBXNativeTarget "Jukebox-Demo" */ = {
			isa = XCConfigurationList;
			buildConfigurations = (
				E81A332E1B8F192200540A31 /* Debug */,
				E81A332F1B8F192200540A31 /* Release */,
			);
			defaultConfigurationIsVisible = 0;
		};
		E81A33301B8F192200540A31 /* Build configuration list for PBXNativeTarget "Jukebox-DemoTests" */ = {
			isa = XCConfigurationList;
			buildConfigurations = (
				E81A33311B8F192200540A31 /* Debug */,
				E81A33321B8F192200540A31 /* Release */,
			);
			defaultConfigurationIsVisible = 0;
		};
/* End XCConfigurationList section */
	};
	rootObject = E81A33061B8F192200540A31 /* Project object */;
}
